
Microsoft Visual Studio Solution File, Format Version 12.00
# Visual Studio Version 16
VisualStudioVersion = 25.0.1706.11
MinimumVisualStudioVersion = 10.0.40219.1
Project("{FAE04EC0-301F-11D3-BF4B-00C04F79EFBC}") = "tic-tac-toe", "tic-tac-toe.csproj", "{31AA2E32-B577-4D69-A7F4-B89F9C1C5945}"
EndProject
Global
	GlobalSection(SolutionConfigurationPlatforms) = preSolution
		Debug|Any CPU = Debug|Any CPU
		Release|Any CPU = Release|Any CPU
	EndGlobalSection
	GlobalSection(ProjectConfigurationPlatforms) = postSolution
		{31AA2E32-B577-4D69-A7F4-B89F9C1C5945}.Debug|Any CPU.ActiveCfg = Debug|Any CPU
		{31AA2E32-B577-4D69-A7F4-B89F9C1C5945}.Debug|Any CPU.Build.0 = Debug|Any CPU
		{31AA2E32-B577-4D69-A7F4-B89F9C1C5945}.Release|Any CPU.ActiveCfg = Release|Any CPU
		{31AA2E32-B577-4D69-A7F4-B89F9C1C5945}.Release|Any CPU.Build.0 = Release|Any CPU
	EndGlobalSection
	GlobalSection(SolutionProperties) = preSolution
		HideSolutionNode = FALSE
	EndGlobalSection
	GlobalSection(ExtensibilityGlobals) = postSolution
		SolutionGuid = {D60C8DFD-7ACF-454A-81EB-487B93EB9370}
	EndGlobalSection
EndGlobal
